
Microsoft Visual Studio Solution File, Format Version 12.00
# Visual Studio Version 17
VisualStudioVersion = 17.0.31903.59
MinimumVisualStudioVersion = 10.0.40219.1
Project("{2150E333-8FDC-42A3-9474-1A3956D46DE8}") = "src", "src", "{827E0CD3-B72D-47B6-A68D-7590B98EB39B}"
EndProject
Project("{FAE04EC0-301F-11D3-BF4B-00C04F79EFBC}") = "SaaS.Domain", "src\SaaS.Domain\SaaS.Domain.csproj", "{E4A52819-B5A6-49A7-9BCF-4038D987EC4B}"
EndProject
Project("{FAE04EC0-301F-11D3-BF4B-00C04F79EFBC}") = "SaaS.Application", "src\SaaS.Application\SaaS.Application.csproj", "{1FB5806E-9C9B-47EA-80F6-7C27196F57B4}"
EndProject
Project("{FAE04EC0-301F-11D3-BF4B-00C04F79EFBC}") = "SaaS.Infrastructure", "src\SaaS.Infrastructure\SaaS.Infrastructure.csproj", "{258E79B3-683D-4EA0-AE1F-5D6A8250A3A1}"
EndProject
Project("{FAE04EC0-301F-11D3-BF4B-00C04F79EFBC}") = "SaaS.API", "src\SaaS.API\SaaS.API.csproj", "{B8A30AD2-8688-4AB3-A6CE-9302DEAC670C}"
EndProject
Global
	GlobalSection(SolutionConfigurationPlatforms) = preSolution
		Debug|Any CPU = Debug|Any CPU
		Debug|x64 = Debug|x64
		Debug|x86 = Debug|x86
		Release|Any CPU = Release|Any CPU
		Release|x64 = Release|x64
		Release|x86 = Release|x86
	EndGlobalSection
	GlobalSection(ProjectConfigurationPlatforms) = postSolution
		{E4A52819-B5A6-49A7-9BCF-4038D987EC4B}.Debug|Any CPU.ActiveCfg = Debug|Any CPU
		{E4A52819-B5A6-49A7-9BCF-4038D987EC4B}.Debug|Any CPU.Build.0 = Debug|Any CPU
		{E4A52819-B5A6-49A7-9BCF-4038D987EC4B}.Debug|x64.ActiveCfg = Debug|Any CPU
		{E4A52819-B5A6-49A7-9BCF-4038D987EC4B}.Debug|x64.Build.0 = Debug|Any CPU
		{E4A52819-B5A6-49A7-9BCF-4038D987EC4B}.Debug|x86.ActiveCfg = Debug|Any CPU
		{E4A52819-B5A6-49A7-9BCF-4038D987EC4B}.Debug|x86.Build.0 = Debug|Any CPU
		{E4A52819-B5A6-49A7-9BCF-4038D987EC4B}.Release|Any CPU.ActiveCfg = Release|Any CPU
		{E4A52819-B5A6-49A7-9BCF-4038D987EC4B}.Release|Any CPU.Build.0 = Release|Any CPU
		{E4A52819-B5A6-49A7-9BCF-4038D987EC4B}.Release|x64.ActiveCfg = Release|Any CPU
		{E4A52819-B5A6-49A7-9BCF-4038D987EC4B}.Release|x64.Build.0 = Release|Any CPU
		{E4A52819-B5A6-49A7-9BCF-4038D987EC4B}.Release|x86.ActiveCfg = Release|Any CPU
		{E4A52819-B5A6-49A7-9BCF-4038D987EC4B}.Release|x86.Build.0 = Release|Any CPU
		{1FB5806E-9C9B-47EA-80F6-7C27196F57B4}.Debug|Any CPU.ActiveCfg = Debug|Any CPU
		{1FB5806E-9C9B-47EA-80F6-7C27196F57B4}.Debug|Any CPU.Build.0 = Debug|Any CPU
		{1FB5806E-9C9B-47EA-80F6-7C27196F57B4}.Debug|x64.ActiveCfg = Debug|Any CPU
		{1FB5806E-9C9B-47EA-80F6-7C27196F57B4}.Debug|x64.Build.0 = Debug|Any CPU
		{1FB5806E-9C9B-47EA-80F6-7C27196F57B4}.Debug|x86.ActiveCfg = Debug|Any CPU
		{1FB5806E-9C9B-47EA-80F6-7C27196F57B4}.Debug|x86.Build.0 = Debug|Any CPU
		{1FB5806E-9C9B-47EA-80F6-7C27196F57B4}.Release|Any CPU.ActiveCfg = Release|Any CPU
		{1FB5806E-9C9B-47EA-80F6-7C27196F57B4}.Release|Any CPU.Build.0 = Release|Any CPU
		{1FB5806E-9C9B-47EA-80F6-7C27196F57B4}.Release|x64.ActiveCfg = Release|Any CPU
		{1FB5806E-9C9B-47EA-80F6-7C27196F57B4}.Release|x64.Build.0 = Release|Any CPU
		{1FB5806E-9C9B-47EA-80F6-7C27196F57B4}.Release|x86.ActiveCfg = Release|Any CPU
		{1FB5806E-9C9B-47EA-80F6-7C27196F57B4}.Release|x86.Build.0 = Release|Any CPU
		{258E79B3-683D-4EA0-AE1F-5D6A8250A3A1}.Debug|Any CPU.ActiveCfg = Debug|Any CPU
		{258E79B3-683D-4EA0-AE1F-5D6A8250A3A1}.Debug|Any CPU.Build.0 = Debug|Any CPU
		{258E79B3-683D-4EA0-AE1F-5D6A8250A3A1}.Debug|x64.ActiveCfg = Debug|Any CPU
		{258E79B3-683D-4EA0-AE1F-5D6A8250A3A1}.Debug|x64.Build.0 = Debug|Any CPU
		{258E79B3-683D-4EA0-AE1F-5D6A8250A3A1}.Debug|x86.ActiveCfg = Debug|Any CPU
		{258E79B3-683D-4EA0-AE1F-5D6A8250A3A1}.Debug|x86.Build.0 = Debug|Any CPU
		{258E79B3-683D-4EA0-AE1F-5D6A8250A3A1}.Release|Any CPU.ActiveCfg = Release|Any CPU
		{258E79B3-683D-4EA0-AE1F-5D6A8250A3A1}.Release|Any CPU.Build.0 = Release|Any CPU
		{258E79B3-683D-4EA0-AE1F-5D6A8250A3A1}.Release|x64.ActiveCfg = Release|Any CPU
		{258E79B3-683D-4EA0-AE1F-5D6A8250A3A1}.Release|x64.Build.0 = Release|Any CPU
		{258E79B3-683D-4EA0-AE1F-5D6A8250A3A1}.Release|x86.ActiveCfg = Release|Any CPU
		{258E79B3-683D-4EA0-AE1F-5D6A8250A3A1}.Release|x86.Build.0 = Release|Any CPU
		{B8A30AD2-8688-4AB3-A6CE-9302DEAC670C}.Debug|Any CPU.ActiveCfg = Debug|Any CPU
		{B8A30AD2-8688-4AB3-A6CE-9302DEAC670C}.Debug|Any CPU.Build.0 = Debug|Any CPU
		{B8A30AD2-8688-4AB3-A6CE-9302DEAC670C}.Debug|x64.ActiveCfg = Debug|Any CPU
		{B8A30AD2-8688-4AB3-A6CE-9302DEAC670C}.Debug|x64.Build.0 = Debug|Any CPU
		{B8A30AD2-8688-4AB3-A6CE-9302DEAC670C}.Debug|x86.ActiveCfg = Debug|Any CPU
		{B8A30AD2-8688-4AB3-A6CE-9302DEAC670C}.Debug|x86.Build.0 = Debug|Any CPU
		{B8A30AD2-8688-4AB3-A6CE-9302DEAC670C}.Release|Any CPU.ActiveCfg = Release|Any CPU
		{B8A30AD2-8688-4AB3-A6CE-9302DEAC670C}.Release|Any CPU.Build.0 = Release|Any CPU
		{B8A30AD2-8688-4AB3-A6CE-9302DEAC670C}.Release|x64.ActiveCfg = Release|Any CPU
		{B8A30AD2-8688-4AB3-A6CE-9302DEAC670C}.Release|x64.Build.0 = Release|Any CPU
		{B8A30AD2-8688-4AB3-A6CE-9302DEAC670C}.Release|x86.ActiveCfg = Release|Any CPU
		{B8A30AD2-8688-4AB3-A6CE-9302DEAC670C}.Release|x86.Build.0 = Release|Any CPU
	EndGlobalSection
	GlobalSection(SolutionProperties) = preSolution
		HideSolutionNode = FALSE
	EndGlobalSection
	GlobalSection(NestedProjects) = preSolution
		{E4A52819-B5A6-49A7-9BCF-4038D987EC4B} = {827E0CD3-B72D-47B6-A68D-7590B98EB39B}
		{1FB5806E-9C9B-47EA-80F6-7C27196F57B4} = {827E0CD3-B72D-47B6-A68D-7590B98EB39B}
		{258E79B3-683D-4EA0-AE1F-5D6A8250A3A1} = {827E0CD3-B72D-47B6-A68D-7590B98EB39B}
		{B8A30AD2-8688-4AB3-A6CE-9302DEAC670C} = {827E0CD3-B72D-47B6-A68D-7590B98EB39B}
	EndGlobalSection
EndGlobal
